{
    "version": 3,
    "terraform_version": "0.11.11",
    "serial": 8,
    "lineage": "534e70b6-141b-4323-f2d7-3a98a7d1aa01",
    "modules": [
        {
            "path": [
                "root"
            ],
            "outputs": {
                "id": {
                    "sensitive": false,
                    "type": "string",
                    "value": "vpc-0c5bd19f5df2588fb"
                }
            },
            "resources": {
                "aws_internet_gateway.default": {
                    "type": "aws_internet_gateway",
                    "depends_on": [
                        "aws_vpc.vpc"
                    ],
                    "primary": {
                        "id": "igw-0a3c7337f1f8c21c3",
                        "attributes": {
                            "id": "igw-0a3c7337f1f8c21c3",
                            "owner_id": "760632853129",
                            "tags.%": "1",
                            "tags.Name": "An Internet Gateway",
                            "vpc_id": "vpc-0c5bd19f5df2588fb"
                        },
                        "meta": {},
                        "tainted": false
                    },
                    "deposed": [],
                    "provider": "provider.aws"
                },
                "aws_vpc.vpc": {
                    "type": "aws_vpc",
                    "depends_on": [],
                    "primary": {
                        "id": "vpc-0c5bd19f5df2588fb",
                        "attributes": {
                            "arn": "arn:aws:ec2:us-east-1:760632853129:vpc/vpc-0c5bd19f5df2588fb",
                            "assign_generated_ipv6_cidr_block": "false",
                            "cidr_block": "10.0.0.0/16",
                            "default_network_acl_id": "acl-0708a3cc5a546c00b",
                            "default_route_table_id": "rtb-09fc531feaedc1549",
                            "default_security_group_id": "sg-041eec0680a73fa6a",
                            "dhcp_options_id": "dopt-5988f722",
                            "enable_classiclink": "false",
                            "enable_classiclink_dns_support": "false",
                            "enable_dns_hostnames": "false",
                            "enable_dns_support": "true",
                            "id": "vpc-0c5bd19f5df2588fb",
                            "instance_tenancy": "default",
                            "ipv6_association_id": "",
                            "ipv6_cidr_block": "",
                            "main_route_table_id": "rtb-09fc531feaedc1549",
                            "owner_id": "760632853129",
                            "tags.%": "0"
                        },
                        "meta": {
                            "schema_version": "1"
                        },
                        "tainted": false
                    },
                    "deposed": [],
                    "provider": "provider.aws"
                }
            },
            "depends_on": []
        }
    ]
}
